
Microsoft Visual Studio Solution File, Format Version 12.00
# Visual Studio Version 17
VisualStudioVersion = 17.7.34024.191
MinimumVisualStudioVersion = 10.0.40219.1
Project("{FAE04EC0-301F-11D3-BF4B-00C04F79EFBC}") = "CRUD.shared", "CRUD.shared\CRUD.shared.csproj", "{0C570EA1-D335-4D6A-89EB-4E547ECD2640}"
EndProject
Project("{FAE04EC0-301F-11D3-BF4B-00C04F79EFBC}") = "CRUD.Backend", "CRUD.Backend\CRUD.Backend.csproj", "{35116FD4-97A1-42A5-AD32-0786C499781E}"
EndProject
Project("{FAE04EC0-301F-11D3-BF4B-00C04F79EFBC}") = "CRUD.Frontend", "CRUD.Frontend\CRUD.Frontend.csproj", "{4EA5D702-1464-4843-AF7A-C212A454C5EE}"
EndProject
Global
	GlobalSection(SolutionConfigurationPlatforms) = preSolution
		Debug|Any CPU = Debug|Any CPU
		Release|Any CPU = Release|Any CPU
	EndGlobalSection
	GlobalSection(ProjectConfigurationPlatforms) = postSolution
		{0C570EA1-D335-4D6A-89EB-4E547ECD2640}.Debug|Any CPU.ActiveCfg = Debug|Any CPU
		{0C570EA1-D335-4D6A-89EB-4E547ECD2640}.Debug|Any CPU.Build.0 = Debug|Any CPU
		{0C570EA1-D335-4D6A-89EB-4E547ECD2640}.Release|Any CPU.ActiveCfg = Release|Any CPU
		{0C570EA1-D335-4D6A-89EB-4E547ECD2640}.Release|Any CPU.Build.0 = Release|Any CPU
		{35116FD4-97A1-42A5-AD32-0786C499781E}.Debug|Any CPU.ActiveCfg = Debug|Any CPU
		{35116FD4-97A1-42A5-AD32-0786C499781E}.Debug|Any CPU.Build.0 = Debug|Any CPU
		{35116FD4-97A1-42A5-AD32-0786C499781E}.Release|Any CPU.ActiveCfg = Release|Any CPU
		{35116FD4-97A1-42A5-AD32-0786C499781E}.Release|Any CPU.Build.0 = Release|Any CPU
		{4EA5D702-1464-4843-AF7A-C212A454C5EE}.Debug|Any CPU.ActiveCfg = Debug|Any CPU
		{4EA5D702-1464-4843-AF7A-C212A454C5EE}.Debug|Any CPU.Build.0 = Debug|Any CPU
		{4EA5D702-1464-4843-AF7A-C212A454C5EE}.Release|Any CPU.ActiveCfg = Release|Any CPU
		{4EA5D702-1464-4843-AF7A-C212A454C5EE}.Release|Any CPU.Build.0 = Release|Any CPU
	EndGlobalSection
	GlobalSection(SolutionProperties) = preSolution
		HideSolutionNode = FALSE
	EndGlobalSection
	GlobalSection(ExtensibilityGlobals) = postSolution
		SolutionGuid = {34950255-B0A8-4C52-AFAB-91AAE91F9953}
	EndGlobalSection
EndGlobal
